
Microsoft Visual Studio Solution File, Format Version 12.00
# Visual Studio Version 17
VisualStudioVersion = 17.13.35806.99 d17.13
MinimumVisualStudioVersion = 10.0.40219.1
Project("{FAE04EC0-301F-11D3-BF4B-00C04F79EFBC}") = "AngelicaArchiveManager", "AngelicaArchiveManager\AngelicaArchiveManager.csproj", "{E138086B-6668-4205-BD2E-6D510C722496}"
EndProject
Global
	GlobalSection(SolutionConfigurationPlatforms) = preSolution
		Debug|x64 = Debug|x64
		Release|x64 = Release|x64
	EndGlobalSection
	GlobalSection(ProjectConfigurationPlatforms) = postSolution
		{E138086B-6668-4205-BD2E-6D510C722496}.Debug|x64.ActiveCfg = Debug|x64
		{E138086B-6668-4205-BD2E-6D510C722496}.Debug|x64.Build.0 = Debug|x64
		{E138086B-6668-4205-BD2E-6D510C722496}.Release|x64.ActiveCfg = Release|x64
		{E138086B-6668-4205-BD2E-6D510C722496}.Release|x64.Build.0 = Release|x64
	EndGlobalSection
	GlobalSection(SolutionProperties) = preSolution
		HideSolutionNode = FALSE
	EndGlobalSection
	GlobalSection(ExtensibilityGlobals) = postSolution
		SolutionGuid = {2BDD6888-1E10-4A08-B3C7-CA312F332733}
	EndGlobalSection
EndGlobal
