Microsoft Visual Studio Solution File, Format Version 12.00
# Visual Studio Version 17
VisualStudioVersion = 17.5.2.0
MinimumVisualStudioVersion = 10.0.40219.1
Project("{FAE04EC0-301F-11D3-BF4B-00C04F79EFBC}") = "AngelicaArchiveManager", "AngelicaArchiveManager.csproj", "{5DB16769-0636-4D2F-D516-219DF0EF0FC4}"
EndProject
Global
	GlobalSection(SolutionConfigurationPlatforms) = preSolution
		Debug|Any CPU = Debug|Any CPU
		Release|Any CPU = Release|Any CPU
	EndGlobalSection
	GlobalSection(ProjectConfigurationPlatforms) = postSolution
		{5DB16769-0636-4D2F-D516-219DF0EF0FC4}.Debug|Any CPU.ActiveCfg = Debug|Any CPU
		{5DB16769-0636-4D2F-D516-219DF0EF0FC4}.Debug|Any CPU.Build.0 = Debug|Any CPU
		{5DB16769-0636-4D2F-D516-219DF0EF0FC4}.Release|Any CPU.ActiveCfg = Release|Any CPU
		{5DB16769-0636-4D2F-D516-219DF0EF0FC4}.Release|Any CPU.Build.0 = Release|Any CPU
	EndGlobalSection
	GlobalSection(SolutionProperties) = preSolution
		HideSolutionNode = FALSE
	EndGlobalSection
	GlobalSection(ExtensibilityGlobals) = postSolution
		SolutionGuid = {67B30C4A-F613-4CCF-9080-C0C6642F841F}
	EndGlobalSection
EndGlobal
